{
    "name": "securitytest",
    "version": "1.0.0",
    "lockfileVersion": 3,
    "requires": true,
    "packages": {
        "": {
            "name": "securitytest",
            "version": "1.0.0",
            "dependencies": {
                "express": "^4.19.0"
            },
            "devDependencies": {
                "eslint": "^9.0.0"
            }
        },
        "node_modules/express": {
            "version": "4.19.0"
        }
    }
}